
Microsoft Visual Studio Solution File, Format Version 12.00
# Visual Studio Version 17
VisualStudioVersion = 17.3.32901.215
MinimumVisualStudioVersion = 10.0.40219.1
Project("{FAE04EC0-301F-11D3-BF4B-00C04F79EFBC}") = "notePad", "notePad\notePad.csproj", "{827FF90A-08D5-49AC-8701-AED1BFAD670F}"
EndProject
Global
	GlobalSection(SolutionConfigurationPlatforms) = preSolution
		Debug|Any CPU = Debug|Any CPU
		Release|Any CPU = Release|Any CPU
	EndGlobalSection
	GlobalSection(ProjectConfigurationPlatforms) = postSolution
		{827FF90A-08D5-49AC-8701-AED1BFAD670F}.Debug|Any CPU.ActiveCfg = Debug|Any CPU
		{827FF90A-08D5-49AC-8701-AED1BFAD670F}.Debug|Any CPU.Build.0 = Debug|Any CPU
		{827FF90A-08D5-49AC-8701-AED1BFAD670F}.Release|Any CPU.ActiveCfg = Release|Any CPU
		{827FF90A-08D5-49AC-8701-AED1BFAD670F}.Release|Any CPU.Build.0 = Release|Any CPU
	EndGlobalSection
	GlobalSection(SolutionProperties) = preSolution
		HideSolutionNode = FALSE
	EndGlobalSection
	GlobalSection(ExtensibilityGlobals) = postSolution
		SolutionGuid = {B20B7728-8936-40AF-9D1D-1D21E97E92E8}
	EndGlobalSection
EndGlobal
